
Microsoft Visual Studio Solution File, Format Version 12.00
# Visual Studio Version 17
VisualStudioVersion = 17.8.34316.72
MinimumVisualStudioVersion = 10.0.40219.1
Project("{FAE04EC0-301F-11D3-BF4B-00C04F79EFBC}") = "Positioning_TileMapEngine", "Positioning_TileMapEngine.csproj", "{B0CB997D-410F-41FA-B5CC-3DAFB48289FC}"
EndProject
Global
	GlobalSection(SolutionConfigurationPlatforms) = preSolution
		Debug|Any CPU = Debug|Any CPU
		Release|Any CPU = Release|Any CPU
	EndGlobalSection
	GlobalSection(ProjectConfigurationPlatforms) = postSolution
		{B0CB997D-410F-41FA-B5CC-3DAFB48289FC}.Debug|Any CPU.ActiveCfg = Debug|Any CPU
		{B0CB997D-410F-41FA-B5CC-3DAFB48289FC}.Debug|Any CPU.Build.0 = Debug|Any CPU
		{B0CB997D-410F-41FA-B5CC-3DAFB48289FC}.Release|Any CPU.ActiveCfg = Release|Any CPU
		{B0CB997D-410F-41FA-B5CC-3DAFB48289FC}.Release|Any CPU.Build.0 = Release|Any CPU
	EndGlobalSection
	GlobalSection(SolutionProperties) = preSolution
		HideSolutionNode = FALSE
	EndGlobalSection
	GlobalSection(ExtensibilityGlobals) = postSolution
		SolutionGuid = {4DB5A308-CB94-44DF-9F87-C740ED8EEA36}
	EndGlobalSection
EndGlobal
